<?xml version="1.0" encoding="utf-8"?>
<Project ToolsVersion="4.0" xmlns="http://schemas.microsoft.com/developer/msbuild/2003">
  <ItemGroup>
    <Filter Include="Source Files">
      <UniqueIdentifier>{E9C7FDCE-D52A-8D73-7EB0-C5296AF258F6}</UniqueIdentifier>
    </Filter>
    <Filter Include="Source Files\third-party">
      <UniqueIdentifier>{F00B90DE-DC30-DF5E-057C-C4EEF1FFDD7C}</UniqueIdentifier>
    </Filter>
  </ItemGroup>
  <ItemGroup>
    <ClCompile Include="src\main.c">
      <Filter>Source Files</Filter>
    </ClCompile>
    <ClCompile Include="third-party\glad.c">
      <Filter>Source Files\third-party</Filter>
    </ClCompile>
    <ClCompile Include="src\utils\file_system.c" />
  </ItemGroup>
  <ItemGroup>
    <ClInclude Include="src\utils\console_logger.h">
      <Filter>Source Files</Filter>
    </ClInclude>
    <ClInclude Include="src\utils\file_system.h" />
    <ClInclude Include="src\renderer\hvp_vertex.h" />
    <ClInclude Include="src\renderer\hvp_mesh.h" />
    <ClInclude Include="src\renderer\hvp_model.h" />
    <ClInclude Include="src\renderer\hvp_shader.h" />
    <ClInclude Include="src\renderer\hvp_framebuffer.h" />
    <ClInclude Include="src\renderer\hvp_texture.h" />
  </ItemGroup>
</Project>